
Microsoft Visual Studio Solution File, Format Version 12.00
# Visual Studio Version 16
VisualStudioVersion = 16.0.30309.148
MinimumVisualStudioVersion = 10.0.40219.1
Project("{9A19103F-16F7-4668-BE54-9A1E7A4F7556}") = "LngChat.WebAPI", "LngChat.WebAPI\LngChat.WebAPI.csproj", "{AE521AAB-7676-4278-AABC-3689190F39CE}"
EndProject
Project("{FAE04EC0-301F-11D3-BF4B-00C04F79EFBC}") = "LangChat.Data", "LangChat.Data\LangChat.Data.csproj", "{8D7CB462-5451-4DA0-8499-A5284183F762}"
EndProject
Project("{FAE04EC0-301F-11D3-BF4B-00C04F79EFBC}") = "LangChat.Business", "LangChat.Business\LangChat.Business.csproj", "{B02E85FF-0656-4DAA-AA1B-C7D948164BE3}"
EndProject
Global
	GlobalSection(SolutionConfigurationPlatforms) = preSolution
		Debug|Any CPU = Debug|Any CPU
		Release|Any CPU = Release|Any CPU
	EndGlobalSection
	GlobalSection(ProjectConfigurationPlatforms) = postSolution
		{AE521AAB-7676-4278-AABC-3689190F39CE}.Debug|Any CPU.ActiveCfg = Debug|Any CPU
		{AE521AAB-7676-4278-AABC-3689190F39CE}.Debug|Any CPU.Build.0 = Debug|Any CPU
		{AE521AAB-7676-4278-AABC-3689190F39CE}.Release|Any CPU.ActiveCfg = Release|Any CPU
		{AE521AAB-7676-4278-AABC-3689190F39CE}.Release|Any CPU.Build.0 = Release|Any CPU
		{8D7CB462-5451-4DA0-8499-A5284183F762}.Debug|Any CPU.ActiveCfg = Debug|Any CPU
		{8D7CB462-5451-4DA0-8499-A5284183F762}.Debug|Any CPU.Build.0 = Debug|Any CPU
		{8D7CB462-5451-4DA0-8499-A5284183F762}.Release|Any CPU.ActiveCfg = Release|Any CPU
		{8D7CB462-5451-4DA0-8499-A5284183F762}.Release|Any CPU.Build.0 = Release|Any CPU
		{B02E85FF-0656-4DAA-AA1B-C7D948164BE3}.Debug|Any CPU.ActiveCfg = Debug|Any CPU
		{B02E85FF-0656-4DAA-AA1B-C7D948164BE3}.Debug|Any CPU.Build.0 = Debug|Any CPU
		{B02E85FF-0656-4DAA-AA1B-C7D948164BE3}.Release|Any CPU.ActiveCfg = Release|Any CPU
		{B02E85FF-0656-4DAA-AA1B-C7D948164BE3}.Release|Any CPU.Build.0 = Release|Any CPU
	EndGlobalSection
	GlobalSection(SolutionProperties) = preSolution
		HideSolutionNode = FALSE
	EndGlobalSection
	GlobalSection(ExtensibilityGlobals) = postSolution
		SolutionGuid = {BFF31DB3-2F3C-430E-9485-B6F1790219AF}
	EndGlobalSection
EndGlobal
